// !$*UTF8*$!
{
	archiveVersion = 1;
	classes = {
	};
	objectVersion = 56;
	objects = {

/* Begin PBXBuildFile section */
		D5028DE22BB15BDE004845B6 /* SRStackHelper in Frameworks */ = {isa = PBXBuildFile; productRef = D5028DE12BB15BDE004845B6 /* SRStackHelper */; };
		D52873D02B24B37F008BDBF5 /* LaunchScreen.storyboard in Resources */ = {isa = PBXBuildFile; fileRef = D52873CE2B24B37F008BDBF5 /* LaunchScreen.storyboard */; };
		D5948F962B2485BC00C5BD86 /* AppDelegate.swift in Sources */ = {isa = PBXBuildFile; fileRef = D5948F952B2485BC00C5BD86 /* AppDelegate.swift */; };
		D5948F982B2485BC00C5BD86 /* SceneDelegate.swift in Sources */ = {isa = PBXBuildFile; fileRef = D5948F972B2485BC00C5BD86 /* SceneDelegate.swift */; };
		D5948F9A2B2485BC00C5BD86 /* ViewController.swift in Sources */ = {isa = PBXBuildFile; fileRef = D5948F992B2485BC00C5BD86 /* ViewController.swift */; };
		D5948F9D2B2485BC00C5BD86 /* Main.storyboard in Resources */ = {isa = PBXBuildFile; fileRef = D5948F9B2B2485BC00C5BD86 /* Main.storyboard */; };
		D5948F9F2B2485BD00C5BD86 /* Assets.xcassets in Resources */ = {isa = PBXBuildFile; fileRef = D5948F9E2B2485BD00C5BD86 /* Assets.xcassets */; };
		D5948FBB2B248DE200C5BD86 /* ViewModel.swift in Sources */ = {isa = PBXBuildFile; fileRef = D5948FBA2B248DE200C5BD86 /* ViewModel.swift */; };
		D5948FC42B24A31C00C5BD86 /* SRStackHelper in Frameworks */ = {isa = PBXBuildFile; productRef = D5948FC32B24A31C00C5BD86 /* SRStackHelper */; };
/* End PBXBuildFile section */

/* Begin PBXFileReference section */
		D52873CF2B24B37F008BDBF5 /* Base */ = {isa = PBXFileReference; lastKnownFileType = file.storyboard; name = Base; path = LaunchScreen.storyboard; sourceTree = "<group>"; };
		D5948F922B2485BC00C5BD86 /* SRStackBuilder.app */ = {isa = PBXFileReference; explicitFileType = wrapper.application; includeInIndex = 0; path = SRStackBuilder.app; sourceTree = BUILT_PRODUCTS_DIR; };
		D5948F952B2485BC00C5BD86 /* AppDelegate.swift */ = {isa = PBXFileReference; lastKnownFileType = sourcecode.swift; path = AppDelegate.swift; sourceTree = "<group>"; };
		D5948F972B2485BC00C5BD86 /* SceneDelegate.swift */ = {isa = PBXFileReference; lastKnownFileType = sourcecode.swift; path = SceneDelegate.swift; sourceTree = "<group>"; };
		D5948F992B2485BC00C5BD86 /* ViewController.swift */ = {isa = PBXFileReference; lastKnownFileType = sourcecode.swift; path = ViewController.swift; sourceTree = "<group>"; };
		D5948F9C2B2485BC00C5BD86 /* Base */ = {isa = PBXFileReference; lastKnownFileType = file.storyboard; name = Base; path = Base.lproj/Main.storyboard; sourceTree = "<group>"; };
		D5948F9E2B2485BD00C5BD86 /* Assets.xcassets */ = {isa = PBXFileReference; lastKnownFileType = folder.assetcatalog; path = Assets.xcassets; sourceTree = "<group>"; };
		D5948FA32B2485BD00C5BD86 /* Info.plist */ = {isa = PBXFileReference; lastKnownFileType = text.plist.xml; path = Info.plist; sourceTree = "<group>"; };
		D5948FBA2B248DE200C5BD86 /* ViewModel.swift */ = {isa = PBXFileReference; lastKnownFileType = sourcecode.swift; path = ViewModel.swift; sourceTree = "<group>"; };
/* End PBXFileReference section */

/* Begin PBXFrameworksBuildPhase section */
		D5948F8F2B2485BC00C5BD86 /* Frameworks */ = {
			isa = PBXFrameworksBuildPhase;
			buildActionMask = 2147483647;
			files = (
				D5028DE22BB15BDE004845B6 /* SRStackHelper in Frameworks */,
				D5948FC42B24A31C00C5BD86 /* SRStackHelper in Frameworks */,
			);
			runOnlyForDeploymentPostprocessing = 0;
		};
/* End PBXFrameworksBuildPhase section */

/* Begin PBXGroup section */
		D52873CD2B24B37F008BDBF5 /* Base.lproj */ = {
			isa = PBXGroup;
			children = (
				D52873CE2B24B37F008BDBF5 /* LaunchScreen.storyboard */,
			);
			path = Base.lproj;
			sourceTree = "<group>";
		};
		D5948F892B2485BC00C5BD86 = {
			isa = PBXGroup;
			children = (
				D5948F942B2485BC00C5BD86 /* SRStackBuilder */,
				D5948F932B2485BC00C5BD86 /* Products */,
			);
			sourceTree = "<group>";
		};
		D5948F932B2485BC00C5BD86 /* Products */ = {
			isa = PBXGroup;
			children = (
				D5948F922B2485BC00C5BD86 /* SRStackBuilder.app */,
			);
			name = Products;
			sourceTree = "<group>";
		};
		D5948F942B2485BC00C5BD86 /* SRStackBuilder */ = {
			isa = PBXGroup;
			children = (
				D5948FBD2B24954D00C5BD86 /* Assets */,
				D5948FBC2B24953F00C5BD86 /* Application */,
				D5948FBF2B24958A00C5BD86 /* Controllers */,
				D5948FA32B2485BD00C5BD86 /* Info.plist */,
			);
			path = SRStackBuilder;
			sourceTree = "<group>";
		};
		D5948FBC2B24953F00C5BD86 /* Application */ = {
			isa = PBXGroup;
			children = (
				D5948F952B2485BC00C5BD86 /* AppDelegate.swift */,
				D5948F972B2485BC00C5BD86 /* SceneDelegate.swift */,
			);
			path = Application;
			sourceTree = "<group>";
		};
		D5948FBD2B24954D00C5BD86 /* Assets */ = {
			isa = PBXGroup;
			children = (
				D52873CD2B24B37F008BDBF5 /* Base.lproj */,
				D5948F9E2B2485BD00C5BD86 /* Assets.xcassets */,
			);
			path = Assets;
			sourceTree = "<group>";
		};
		D5948FBF2B24958A00C5BD86 /* Controllers */ = {
			isa = PBXGroup;
			children = (
				D5948FC12B24959900C5BD86 /* ViewModel */,
				D5948FC02B24959400C5BD86 /* View */,
			);
			path = Controllers;
			sourceTree = "<group>";
		};
		D5948FC02B24959400C5BD86 /* View */ = {
			isa = PBXGroup;
			children = (
				D5948F9B2B2485BC00C5BD86 /* Main.storyboard */,
				D5948F992B2485BC00C5BD86 /* ViewController.swift */,
			);
			path = View;
			sourceTree = "<group>";
		};
		D5948FC12B24959900C5BD86 /* ViewModel */ = {
			isa = PBXGroup;
			children = (
				D5948FBA2B248DE200C5BD86 /* ViewModel.swift */,
			);
			path = ViewModel;
			sourceTree = "<group>";
		};
/* End PBXGroup section */

/* Begin PBXNativeTarget section */
		D5948F912B2485BC00C5BD86 /* SRStackBuilder */ = {
			isa = PBXNativeTarget;
			buildConfigurationList = D5948FA62B2485BD00C5BD86 /* Build configuration list for PBXNativeTarget "SRStackBuilder" */;
			buildPhases = (
				D5948F8E2B2485BC00C5BD86 /* Sources */,
				D5948F8F2B2485BC00C5BD86 /* Frameworks */,
				D5948F902B2485BC00C5BD86 /* Resources */,
			);
			buildRules = (
			);
			dependencies = (
			);
			name = SRStackBuilder;
			packageProductDependencies = (
				D5948FC32B24A31C00C5BD86 /* SRStackHelper */,
				D5028DE12BB15BDE004845B6 /* SRStackHelper */,
			);
			productName = SRStackBuilder;
			productReference = D5948F922B2485BC00C5BD86 /* SRStackBuilder.app */;
			productType = "com.apple.product-type.application";
		};
/* End PBXNativeTarget section */

/* Begin PBXProject section */
		D5948F8A2B2485BC00C5BD86 /* Project object */ = {
			isa = PBXProject;
			attributes = {
				BuildIndependentTargetsInParallel = 1;
				LastSwiftUpdateCheck = 1500;
				LastUpgradeCheck = 1500;
				TargetAttributes = {
					D5948F912B2485BC00C5BD86 = {
						CreatedOnToolsVersion = 15.0.1;
					};
				};
			};
			buildConfigurationList = D5948F8D2B2485BC00C5BD86 /* Build configuration list for PBXProject "SRStackBuilder" */;
			compatibilityVersion = "Xcode 14.0";
			developmentRegion = en;
			hasScannedForEncodings = 0;
			knownRegions = (
				en,
				Base,
			);
			mainGroup = D5948F892B2485BC00C5BD86;
			packageReferences = (
				D5028DE02BB15BDE004845B6 /* XCRemoteSwiftPackageReference "SRStackHelper" */,
			);
			productRefGroup = D5948F932B2485BC00C5BD86 /* Products */;
			projectDirPath = "";
			projectRoot = "";
			targets = (
				D5948F912B2485BC00C5BD86 /* SRStackBuilder */,
			);
		};
/* End PBXProject section */

/* Begin PBXResourcesBuildPhase section */
		D5948F902B2485BC00C5BD86 /* Resources */ = {
			isa = PBXResourcesBuildPhase;
			buildActionMask = 2147483647;
			files = (
				D52873D02B24B37F008BDBF5 /* LaunchScreen.storyboard in Resources */,
				D5948F9F2B2485BD00C5BD86 /* Assets.xcassets in Resources */,
				D5948F9D2B2485BC00C5BD86 /* Main.storyboard in Resources */,
			);
			runOnlyForDeploymentPostprocessing = 0;
		};
/* End PBXResourcesBuildPhase section */

/* Begin PBXSourcesBuildPhase section */
		D5948F8E2B2485BC00C5BD86 /* Sources */ = {
			isa = PBXSourcesBuildPhase;
			buildActionMask = 2147483647;
			files = (
				D5948F9A2B2485BC00C5BD86 /* ViewController.swift in Sources */,
				D5948F962B2485BC00C5BD86 /* AppDelegate.swift in Sources */,
				D5948FBB2B248DE200C5BD86 /* ViewModel.swift in Sources */,
				D5948F982B2485BC00C5BD86 /* SceneDelegate.swift in Sources */,
			);
			runOnlyForDeploymentPostprocessing = 0;
		};
/* End PBXSourcesBuildPhase section */

/* Begin PBXVariantGroup section */
		D52873CE2B24B37F008BDBF5 /* LaunchScreen.storyboard */ = {
			isa = PBXVariantGroup;
			children = (
				D52873CF2B24B37F008BDBF5 /* Base */,
			);
			name = LaunchScreen.storyboard;
			sourceTree = "<group>";
		};
		D5948F9B2B2485BC00C5BD86 /* Main.storyboard */ = {
			isa = PBXVariantGroup;
			children = (
				D5948F9C2B2485BC00C5BD86 /* Base */,
			);
			name = Main.storyboard;
			sourceTree = "<group>";
		};
/* End PBXVariantGroup section */

/* Begin XCBuildConfiguration section */
		D5948FA42B2485BD00C5BD86 /* Debug */ = {
			isa = XCBuildConfiguration;
			buildSettings = {
				ALWAYS_SEARCH_USER_PATHS = NO;
				ASSETCATALOG_COMPILER_GENERATE_SWIFT_ASSET_SYMBOL_EXTENSIONS = YES;
				CLANG_ANALYZER_NONNULL = YES;
				CLANG_ANALYZER_NUMBER_OBJECT_CONVERSION = YES_AGGRESSIVE;
				CLANG_CXX_LANGUAGE_STANDARD = "gnu++20";
				CLANG_ENABLE_MODULES = YES;
				CLANG_ENABLE_OBJC_ARC = YES;
				CLANG_ENABLE_OBJC_WEAK = YES;
				CLANG_WARN_BLOCK_CAPTURE_AUTORELEASING = YES;
				CLANG_WARN_BOOL_CONVERSION = YES;
				CLANG_WARN_COMMA = YES;
				CLANG_WARN_CONSTANT_CONVERSION = YES;
				CLANG_WARN_DEPRECATED_OBJC_IMPLEMENTATIONS = YES;
				CLANG_WARN_DIRECT_OBJC_ISA_USAGE = YES_ERROR;
				CLANG_WARN_DOCUMENTATION_COMMENTS = YES;
				CLANG_WARN_EMPTY_BODY = YES;
				CLANG_WARN_ENUM_CONVERSION = YES;
				CLANG_WARN_INFINITE_RECURSION = YES;
				CLANG_WARN_INT_CONVERSION = YES;
				CLANG_WARN_NON_LITERAL_NULL_CONVERSION = YES;
				CLANG_WARN_OBJC_IMPLICIT_RETAIN_SELF = YES;
				CLANG_WARN_OBJC_LITERAL_CONVERSION = YES;
				CLANG_WARN_OBJC_ROOT_CLASS = YES_ERROR;
				CLANG_WARN_QUOTED_INCLUDE_IN_FRAMEWORK_HEADER = YES;
				CLANG_WARN_RANGE_LOOP_ANALYSIS = YES;
				CLANG_WARN_STRICT_PROTOTYPES = YES;
				CLANG_WARN_SUSPICIOUS_MOVE = YES;
				CLANG_WARN_UNGUARDED_AVAILABILITY = YES_AGGRESSIVE;
				CLANG_WARN_UNREACHABLE_CODE = YES;
				CLANG_WARN__DUPLICATE_METHOD_MATCH = YES;
				COPY_PHASE_STRIP = NO;
				DEBUG_INFORMATION_FORMAT = dwarf;
				ENABLE_STRICT_OBJC_MSGSEND = YES;
				ENABLE_TESTABILITY = YES;
				ENABLE_USER_SCRIPT_SANDBOXING = YES;
				GCC_C_LANGUAGE_STANDARD = gnu17;
				GCC_DYNAMIC_NO_PIC = NO;
				GCC_NO_COMMON_BLOCKS = YES;
				GCC_OPTIMIZATION_LEVEL = 0;
				GCC_PREPROCESSOR_DEFINITIONS = (
					"DEBUG=1",
					"$(inherited)",
				);
				GCC_WARN_64_TO_32_BIT_CONVERSION = YES;
				GCC_WARN_ABOUT_RETURN_TYPE = YES_ERROR;
				GCC_WARN_UNDECLARED_SELECTOR = YES;
				GCC_WARN_UNINITIALIZED_AUTOS = YES_AGGRESSIVE;
				GCC_WARN_UNUSED_FUNCTION = YES;
				GCC_WARN_UNUSED_VARIABLE = YES;
				IPHONEOS_DEPLOYMENT_TARGET = 17.0;
				LOCALIZATION_PREFERS_STRING_CATALOGS = YES;
				MTL_ENABLE_DEBUG_INFO = INCLUDE_SOURCE;
				MTL_FAST_MATH = YES;
				ONLY_ACTIVE_ARCH = YES;
				SDKROOT = iphoneos;
				SWIFT_ACTIVE_COMPILATION_CONDITIONS = "DEBUG $(inherited)";
				SWIFT_OPTIMIZATION_LEVEL = "-Onone";
			};
			name = Debug;
		};
		D5948FA52B2485BD00C5BD86 /* Release */ = {
			isa = XCBuildConfiguration;
			buildSettings = {
				ALWAYS_SEARCH_USER_PATHS = NO;
				ASSETCATALOG_COMPILER_GENERATE_SWIFT_ASSET_SYMBOL_EXTENSIONS = YES;
				CLANG_ANALYZER_NONNULL = YES;
				CLANG_ANALYZER_NUMBER_OBJECT_CONVERSION = YES_AGGRESSIVE;
				CLANG_CXX_LANGUAGE_STANDARD = "gnu++20";
				CLANG_ENABLE_MODULES = YES;
				CLANG_ENABLE_OBJC_ARC = YES;
				CLANG_ENABLE_OBJC_WEAK = YES;
				CLANG_WARN_BLOCK_CAPTURE_AUTORELEASING = YES;
				CLANG_WARN_BOOL_CONVERSION = YES;
				CLANG_WARN_COMMA = YES;
				CLANG_WARN_CONSTANT_CONVERSION = YES;
				CLANG_WARN_DEPRECATED_OBJC_IMPLEMENTATIONS = YES;
				CLANG_WARN_DIRECT_OBJC_ISA_USAGE = YES_ERROR;
				CLANG_WARN_DOCUMENTATION_COMMENTS = YES;
				CLANG_WARN_EMPTY_BODY = YES;
				CLANG_WARN_ENUM_CONVERSION = YES;
				CLANG_WARN_INFINITE_RECURSION = YES;
				CLANG_WARN_INT_CONVERSION = YES;
				CLANG_WARN_NON_LITERAL_NULL_CONVERSION = YES;
				CLANG_WARN_OBJC_IMPLICIT_RETAIN_SELF = YES;
				CLANG_WARN_OBJC_LITERAL_CONVERSION = YES;
				CLANG_WARN_OBJC_ROOT_CLASS = YES_ERROR;
				CLANG_WARN_QUOTED_INCLUDE_IN_FRAMEWORK_HEADER = YES;
				CLANG_WARN_RANGE_LOOP_ANALYSIS = YES;
				CLANG_WARN_STRICT_PROTOTYPES = YES;
				CLANG_WARN_SUSPICIOUS_MOVE = YES;
				CLANG_WARN_UNGUARDED_AVAILABILITY = YES_AGGRESSIVE;
				CLANG_WARN_UNREACHABLE_CODE = YES;
				CLANG_WARN__DUPLICATE_METHOD_MATCH = YES;
				COPY_PHASE_STRIP = NO;
				DEBUG_INFORMATION_FORMAT = "dwarf-with-dsym";
				ENABLE_NS_ASSERTIONS = NO;
				ENABLE_STRICT_OBJC_MSGSEND = YES;
				ENABLE_USER_SCRIPT_SANDBOXING = YES;
				GCC_C_LANGUAGE_STANDARD = gnu17;
				GCC_NO_COMMON_BLOCKS = YES;
				GCC_WARN_64_TO_32_BIT_CONVERSION = YES;
				GCC_WARN_ABOUT_RETURN_TYPE = YES_ERROR;
				GCC_WARN_UNDECLARED_SELECTOR = YES;
				GCC_WARN_UNINITIALIZED_AUTOS = YES_AGGRESSIVE;
				GCC_WARN_UNUSED_FUNCTION = YES;
				GCC_WARN_UNUSED_VARIABLE = YES;
				IPHONEOS_DEPLOYMENT_TARGET = 17.0;
				LOCALIZATION_PREFERS_STRING_CATALOGS = YES;
				MTL_ENABLE_DEBUG_INFO = NO;
				MTL_FAST_MATH = YES;
				SDKROOT = iphoneos;
				SWIFT_COMPILATION_MODE = wholemodule;
				VALIDATE_PRODUCT = YES;
			};
			name = Release;
		};
		D5948FA72B2485BD00C5BD86 /* Debug */ = {
			isa = XCBuildConfiguration;
			buildSettings = {
				ASSETCATALOG_COMPILER_APPICON_NAME = AppIcon;
				ASSETCATALOG_COMPILER_GLOBAL_ACCENT_COLOR_NAME = AccentColor;
				CODE_SIGN_STYLE = Automatic;
				CURRENT_PROJECT_VERSION = 1;
				GENERATE_INFOPLIST_FILE = YES;
				INFOPLIST_FILE = SRStackBuilder/Info.plist;
				INFOPLIST_KEY_UIApplicationSupportsIndirectInputEvents = YES;
				INFOPLIST_KEY_UILaunchStoryboardName = LaunchScreen;
				INFOPLIST_KEY_UIMainStoryboardFile = Main;
				INFOPLIST_KEY_UISupportedInterfaceOrientations_iPad = "UIInterfaceOrientationPortrait UIInterfaceOrientationPortraitUpsideDown UIInterfaceOrientationLandscapeLeft UIInterfaceOrientationLandscapeRight";
				INFOPLIST_KEY_UISupportedInterfaceOrientations_iPhone = "UIInterfaceOrientationPortrait UIInterfaceOrientationLandscapeLeft UIInterfaceOrientationLandscapeRight";
				LD_RUNPATH_SEARCH_PATHS = (
					"$(inherited)",
					"@executable_path/Frameworks",
				);
				MARKETING_VERSION = 1.0;
				PRODUCT_BUNDLE_IDENTIFIER = com.siamak.SRStackBuilder;
				PRODUCT_NAME = "$(TARGET_NAME)";
				SWIFT_EMIT_LOC_STRINGS = YES;
				SWIFT_VERSION = 5.0;
				TARGETED_DEVICE_FAMILY = "1,2";
			};
			name = Debug;
		};
		D5948FA82B2485BD00C5BD86 /* Release */ = {
			isa = XCBuildConfiguration;
			buildSettings = {
				ASSETCATALOG_COMPILER_APPICON_NAME = AppIcon;
				ASSETCATALOG_COMPILER_GLOBAL_ACCENT_COLOR_NAME = AccentColor;
				CODE_SIGN_STYLE = Automatic;
				CURRENT_PROJECT_VERSION = 1;
				GENERATE_INFOPLIST_FILE = YES;
				INFOPLIST_FILE = SRStackBuilder/Info.plist;
				INFOPLIST_KEY_UIApplicationSupportsIndirectInputEvents = YES;
				INFOPLIST_KEY_UILaunchStoryboardName = LaunchScreen;
				INFOPLIST_KEY_UIMainStoryboardFile = Main;
				INFOPLIST_KEY_UISupportedInterfaceOrientations_iPad = "UIInterfaceOrientationPortrait UIInterfaceOrientationPortraitUpsideDown UIInterfaceOrientationLandscapeLeft UIInterfaceOrientationLandscapeRight";
				INFOPLIST_KEY_UISupportedInterfaceOrientations_iPhone = "UIInterfaceOrientationPortrait UIInterfaceOrientationLandscapeLeft UIInterfaceOrientationLandscapeRight";
				LD_RUNPATH_SEARCH_PATHS = (
					"$(inherited)",
					"@executable_path/Frameworks",
				);
				MARKETING_VERSION = 1.0;
				PRODUCT_BUNDLE_IDENTIFIER = com.siamak.SRStackBuilder;
				PRODUCT_NAME = "$(TARGET_NAME)";
				SWIFT_EMIT_LOC_STRINGS = YES;
				SWIFT_VERSION = 5.0;
				TARGETED_DEVICE_FAMILY = "1,2";
			};
			name = Release;
		};
/* End XCBuildConfiguration section */

/* Begin XCConfigurationList section */
		D5948F8D2B2485BC00C5BD86 /* Build configuration list for PBXProject "SRStackBuilder" */ = {
			isa = XCConfigurationList;
			buildConfigurations = (
				D5948FA42B2485BD00C5BD86 /* Debug */,
				D5948FA52B2485BD00C5BD86 /* Release */,
			);
			defaultConfigurationIsVisible = 0;
			defaultConfigurationName = Release;
		};
		D5948FA62B2485BD00C5BD86 /* Build configuration list for PBXNativeTarget "SRStackBuilder" */ = {
			isa = XCConfigurationList;
			buildConfigurations = (
				D5948FA72B2485BD00C5BD86 /* Debug */,
				D5948FA82B2485BD00C5BD86 /* Release */,
			);
			defaultConfigurationIsVisible = 0;
			defaultConfigurationName = Release;
		};
/* End XCConfigurationList section */

/* Begin XCRemoteSwiftPackageReference section */
		D5028DE02BB15BDE004845B6 /* XCRemoteSwiftPackageReference "SRStackHelper" */ = {
			isa = XCRemoteSwiftPackageReference;
			repositoryURL = "https://github.com/siamakrostami/SRStackHelper";
			requirement = {
				kind = upToNextMajorVersion;
				minimumVersion = 1.0.2;
			};
		};
/* End XCRemoteSwiftPackageReference section */

/* Begin XCSwiftPackageProductDependency section */
		D5028DE12BB15BDE004845B6 /* SRStackHelper */ = {
			isa = XCSwiftPackageProductDependency;
			package = D5028DE02BB15BDE004845B6 /* XCRemoteSwiftPackageReference "SRStackHelper" */;
			productName = SRStackHelper;
		};
		D5948FC32B24A31C00C5BD86 /* SRStackHelper */ = {
			isa = XCSwiftPackageProductDependency;
			productName = SRStackHelper;
		};
/* End XCSwiftPackageProductDependency section */
	};
	rootObject = D5948F8A2B2485BC00C5BD86 /* Project object */;
}
